// !$*UTF8*$!
{
	archiveVersion = 1;
	classes = {
	};
	objectVersion = 46;
	objects = {

/* Begin PBXBuildFile section */
		7611371C1F728C2600F2697F /* AppDelegate.swift in Sources */ = {isa = PBXBuildFile; fileRef = 7611371B1F728C2600F2697F /* AppDelegate.swift */; };
		7611371E1F728C2600F2697F /* MainVC.swift in Sources */ = {isa = PBXBuildFile; fileRef = 7611371D1F728C2600F2697F /* MainVC.swift */; };
		761137211F728C2600F2697F /* Main.storyboard in Resources */ = {isa = PBXBuildFile; fileRef = 7611371F1F728C2600F2697F /* Main.storyboard */; };
		761137241F728C2600F2697F /* DreamLister.xcdatamodeld in Sources */ = {isa = PBXBuildFile; fileRef = 761137221F728C2600F2697F /* DreamLister.xcdatamodeld */; };
		761137261F728C2600F2697F /* Assets.xcassets in Resources */ = {isa = PBXBuildFile; fileRef = 761137251F728C2600F2697F /* Assets.xcassets */; };
		761137291F728C2600F2697F /* LaunchScreen.storyboard in Resources */ = {isa = PBXBuildFile; fileRef = 761137271F728C2600F2697F /* LaunchScreen.storyboard */; };
		761137441F72EEEA00F2697F /* MaterialView.swift in Sources */ = {isa = PBXBuildFile; fileRef = 761137431F72EEEA00F2697F /* MaterialView.swift */; };
		76B904A41F7417F900EE019D /* ItemCell.swift in Sources */ = {isa = PBXBuildFile; fileRef = 76B904A31F7417F900EE019D /* ItemCell.swift */; };
		76B904AF1F751D6B00EE019D /* ItemDetailsVC.swift in Sources */ = {isa = PBXBuildFile; fileRef = 76B904AE1F751D6B00EE019D /* ItemDetailsVC.swift */; };
		76B904B11F75202300EE019D /* CustomTextField.swift in Sources */ = {isa = PBXBuildFile; fileRef = 76B904B01F75202300EE019D /* CustomTextField.swift */; };
/* End PBXBuildFile section */

/* Begin PBXFileReference section */
		761137181F728C2600F2697F /* DreamLister.app */ = {isa = PBXFileReference; explicitFileType = wrapper.application; includeInIndex = 0; path = DreamLister.app; sourceTree = BUILT_PRODUCTS_DIR; };
		7611371B1F728C2600F2697F /* AppDelegate.swift */ = {isa = PBXFileReference; lastKnownFileType = sourcecode.swift; path = AppDelegate.swift; sourceTree = "<group>"; };
		7611371D1F728C2600F2697F /* MainVC.swift */ = {isa = PBXFileReference; lastKnownFileType = sourcecode.swift; path = MainVC.swift; sourceTree = "<group>"; };
		761137201F728C2600F2697F /* Base */ = {isa = PBXFileReference; lastKnownFileType = file.storyboard; name = Base; path = Base.lproj/Main.storyboard; sourceTree = "<group>"; };
		761137231F728C2600F2697F /* DreamLister.xcdatamodel */ = {isa = PBXFileReference; lastKnownFileType = wrapper.xcdatamodel; path = DreamLister.xcdatamodel; sourceTree = "<group>"; };
		761137251F728C2600F2697F /* Assets.xcassets */ = {isa = PBXFileReference; lastKnownFileType = folder.assetcatalog; path = Assets.xcassets; sourceTree = "<group>"; };
		761137281F728C2600F2697F /* Base */ = {isa = PBXFileReference; lastKnownFileType = file.storyboard; name = Base; path = Base.lproj/LaunchScreen.storyboard; sourceTree = "<group>"; };
		7611372A1F728C2600F2697F /* Info.plist */ = {isa = PBXFileReference; lastKnownFileType = text.plist.xml; path = Info.plist; sourceTree = "<group>"; };
		761137431F72EEEA00F2697F /* MaterialView.swift */ = {isa = PBXFileReference; fileEncoding = 4; lastKnownFileType = sourcecode.swift; path = MaterialView.swift; sourceTree = "<group>"; };
		76B904A31F7417F900EE019D /* ItemCell.swift */ = {isa = PBXFileReference; fileEncoding = 4; lastKnownFileType = sourcecode.swift; path = ItemCell.swift; sourceTree = "<group>"; };
		76B904AE1F751D6B00EE019D /* ItemDetailsVC.swift */ = {isa = PBXFileReference; fileEncoding = 4; lastKnownFileType = sourcecode.swift; path = ItemDetailsVC.swift; sourceTree = "<group>"; };
		76B904B01F75202300EE019D /* CustomTextField.swift */ = {isa = PBXFileReference; fileEncoding = 4; lastKnownFileType = sourcecode.swift; path = CustomTextField.swift; sourceTree = "<group>"; };
/* End PBXFileReference section */

/* Begin PBXFrameworksBuildPhase section */
		761137151F728C2600F2697F /* Frameworks */ = {
			isa = PBXFrameworksBuildPhase;
			buildActionMask = 2147483647;
			files = (
			);
			runOnlyForDeploymentPostprocessing = 0;
		};
/* End PBXFrameworksBuildPhase section */

/* Begin PBXGroup section */
		7611370F1F728C2600F2697F = {
			isa = PBXGroup;
			children = (
				7611371A1F728C2600F2697F /* DreamLister */,
				761137191F728C2600F2697F /* Products */,
			);
			sourceTree = "<group>";
		};
		761137191F728C2600F2697F /* Products */ = {
			isa = PBXGroup;
			children = (
				761137181F728C2600F2697F /* DreamLister.app */,
			);
			name = Products;
			sourceTree = "<group>";
		};
		7611371A1F728C2600F2697F /* DreamLister */ = {
			isa = PBXGroup;
			children = (
				76B904AD1F751D4100EE019D /* Controller */,
				76B9049E1F74154300EE019D /* Model */,
				761137421F72EECA00F2697F /* View */,
				7611371B1F728C2600F2697F /* AppDelegate.swift */,
				7611371F1F728C2600F2697F /* Main.storyboard */,
				761137251F728C2600F2697F /* Assets.xcassets */,
				761137271F728C2600F2697F /* LaunchScreen.storyboard */,
				7611372A1F728C2600F2697F /* Info.plist */,
				761137221F728C2600F2697F /* DreamLister.xcdatamodeld */,
			);
			path = DreamLister;
			sourceTree = "<group>";
		};
		761137421F72EECA00F2697F /* View */ = {
			isa = PBXGroup;
			children = (
				76B904B01F75202300EE019D /* CustomTextField.swift */,
				761137431F72EEEA00F2697F /* MaterialView.swift */,
				76B904A31F7417F900EE019D /* ItemCell.swift */,
			);
			name = View;
			sourceTree = "<group>";
		};
		76B9049E1F74154300EE019D /* Model */ = {
			isa = PBXGroup;
			children = (
			);
			name = Model;
			sourceTree = "<group>";
		};
		76B904AD1F751D4100EE019D /* Controller */ = {
			isa = PBXGroup;
			children = (
				7611371D1F728C2600F2697F /* MainVC.swift */,
				76B904AE1F751D6B00EE019D /* ItemDetailsVC.swift */,
			);
			name = Controller;
			sourceTree = "<group>";
		};
/* End PBXGroup section */

/* Begin PBXNativeTarget section */
		761137171F728C2600F2697F /* DreamLister */ = {
			isa = PBXNativeTarget;
			buildConfigurationList = 7611372D1F728C2600F2697F /* Build configuration list for PBXNativeTarget "DreamLister" */;
			buildPhases = (
				761137141F728C2600F2697F /* Sources */,
				761137151F728C2600F2697F /* Frameworks */,
				761137161F728C2600F2697F /* Resources */,
			);
			buildRules = (
			);
			dependencies = (
			);
			name = DreamLister;
			productName = DreamLister;
			productReference = 761137181F728C2600F2697F /* DreamLister.app */;
			productType = "com.apple.product-type.application";
		};
/* End PBXNativeTarget section */

/* Begin PBXProject section */
		761137101F728C2600F2697F /* Project object */ = {
			isa = PBXProject;
			attributes = {
				LastSwiftUpdateCheck = 0830;
				LastUpgradeCheck = 0830;
				ORGANIZATIONNAME = "Heitem OULED-LAGHRIYEB";
				TargetAttributes = {
					761137171F728C2600F2697F = {
						CreatedOnToolsVersion = 8.3.3;
						ProvisioningStyle = Automatic;
					};
				};
			};
			buildConfigurationList = 761137131F728C2600F2697F /* Build configuration list for PBXProject "DreamLister" */;
			compatibilityVersion = "Xcode 3.2";
			developmentRegion = English;
			hasScannedForEncodings = 0;
			knownRegions = (
				en,
				Base,
			);
			mainGroup = 7611370F1F728C2600F2697F;
			productRefGroup = 761137191F728C2600F2697F /* Products */;
			projectDirPath = "";
			projectRoot = "";
			targets = (
				761137171F728C2600F2697F /* DreamLister */,
			);
		};
/* End PBXProject section */

/* Begin PBXResourcesBuildPhase section */
		761137161F728C2600F2697F /* Resources */ = {
			isa = PBXResourcesBuildPhase;
			buildActionMask = 2147483647;
			files = (
				761137291F728C2600F2697F /* LaunchScreen.storyboard in Resources */,
				761137261F728C2600F2697F /* Assets.xcassets in Resources */,
				761137211F728C2600F2697F /* Main.storyboard in Resources */,
			);
			runOnlyForDeploymentPostprocessing = 0;
		};
/* End PBXResourcesBuildPhase section */

/* Begin PBXSourcesBuildPhase section */
		761137141F728C2600F2697F /* Sources */ = {
			isa = PBXSourcesBuildPhase;
			buildActionMask = 2147483647;
			files = (
				76B904B11F75202300EE019D /* CustomTextField.swift in Sources */,
				76B904AF1F751D6B00EE019D /* ItemDetailsVC.swift in Sources */,
				7611371E1F728C2600F2697F /* MainVC.swift in Sources */,
				761137441F72EEEA00F2697F /* MaterialView.swift in Sources */,
				7611371C1F728C2600F2697F /* AppDelegate.swift in Sources */,
				761137241F728C2600F2697F /* DreamLister.xcdatamodeld in Sources */,
				76B904A41F7417F900EE019D /* ItemCell.swift in Sources */,
			);
			runOnlyForDeploymentPostprocessing = 0;
		};
/* End PBXSourcesBuildPhase section */

/* Begin PBXVariantGroup section */
		7611371F1F728C2600F2697F /* Main.storyboard */ = {
			isa = PBXVariantGroup;
			children = (
				761137201F728C2600F2697F /* Base */,
			);
			name = Main.storyboard;
			sourceTree = "<group>";
		};
		761137271F728C2600F2697F /* LaunchScreen.storyboard */ = {
			isa = PBXVariantGroup;
			children = (
				761137281F728C2600F2697F /* Base */,
			);
			name = LaunchScreen.storyboard;
			sourceTree = "<group>";
		};
/* End PBXVariantGroup section */

/* Begin XCBuildConfiguration section */
		7611372B1F728C2600F2697F /* Debug */ = {
			isa = XCBuildConfiguration;
			buildSettings = {
				ALWAYS_SEARCH_USER_PATHS = NO;
				CLANG_ANALYZER_NONNULL = YES;
				CLANG_ANALYZER_NUMBER_OBJECT_CONVERSION = YES_AGGRESSIVE;
				CLANG_CXX_LANGUAGE_STANDARD = "gnu++0x";
				CLANG_CXX_LIBRARY = "libc++";
				CLANG_ENABLE_MODULES = YES;
				CLANG_ENABLE_OBJC_ARC = YES;
				CLANG_WARN_BOOL_CONVERSION = YES;
				CLANG_WARN_CONSTANT_CONVERSION = YES;
				CLANG_WARN_DIRECT_OBJC_ISA_USAGE = YES_ERROR;
				CLANG_WARN_DOCUMENTATION_COMMENTS = YES;
				CLANG_WARN_EMPTY_BODY = YES;
				CLANG_WARN_ENUM_CONVERSION = YES;
				CLANG_WARN_INFINITE_RECURSION = YES;
				CLANG_WARN_INT_CONVERSION = YES;
				CLANG_WARN_OBJC_ROOT_CLASS = YES_ERROR;
				CLANG_WARN_SUSPICIOUS_MOVE = YES;
				CLANG_WARN_UNREACHABLE_CODE = YES;
				CLANG_WARN__DUPLICATE_METHOD_MATCH = YES;
				"CODE_SIGN_IDENTITY[sdk=iphoneos*]" = "iPhone Developer";
				COPY_PHASE_STRIP = NO;
				DEBUG_INFORMATION_FORMAT = dwarf;
				ENABLE_STRICT_OBJC_MSGSEND = YES;
				ENABLE_TESTABILITY = YES;
				GCC_C_LANGUAGE_STANDARD = gnu99;
				GCC_DYNAMIC_NO_PIC = NO;
				GCC_NO_COMMON_BLOCKS = YES;
				GCC_OPTIMIZATION_LEVEL = 0;
				GCC_PREPROCESSOR_DEFINITIONS = (
					"DEBUG=1",
					"$(inherited)",
				);
				GCC_WARN_64_TO_32_BIT_CONVERSION = YES;
				GCC_WARN_ABOUT_RETURN_TYPE = YES_ERROR;
				GCC_WARN_UNDECLARED_SELECTOR = YES;
				GCC_WARN_UNINITIALIZED_AUTOS = YES_AGGRESSIVE;
				GCC_WARN_UNUSED_FUNCTION = YES;
				GCC_WARN_UNUSED_VARIABLE = YES;
				IPHONEOS_DEPLOYMENT_TARGET = 10.3;
				MTL_ENABLE_DEBUG_INFO = YES;
				ONLY_ACTIVE_ARCH = YES;
				SDKROOT = iphoneos;
				SWIFT_ACTIVE_COMPILATION_CONDITIONS = DEBUG;
				SWIFT_OPTIMIZATION_LEVEL = "-Onone";
				TARGETED_DEVICE_FAMILY = "1,2";
			};
			name = Debug;
		};
		7611372C1F728C2600F2697F /* Release */ = {
			isa = XCBuildConfiguration;
			buildSettings = {
				ALWAYS_SEARCH_USER_PATHS = NO;
				CLANG_ANALYZER_NONNULL = YES;
				CLANG_ANALYZER_NUMBER_OBJECT_CONVERSION = YES_AGGRESSIVE;
				CLANG_CXX_LANGUAGE_STANDARD = "gnu++0x";
				CLANG_CXX_LIBRARY = "libc++";
				CLANG_ENABLE_MODULES = YES;
				CLANG_ENABLE_OBJC_ARC = YES;
				CLANG_WARN_BOOL_CONVERSION = YES;
				CLANG_WARN_CONSTANT_CONVERSION = YES;
				CLANG_WARN_DIRECT_OBJC_ISA_USAGE = YES_ERROR;
				CLANG_WARN_DOCUMENTATION_COMMENTS = YES;
				CLANG_WARN_EMPTY_BODY = YES;
				CLANG_WARN_ENUM_CONVERSION = YES;
				CLANG_WARN_INFINITE_RECURSION = YES;
				CLANG_WARN_INT_CONVERSION = YES;
				CLANG_WARN_OBJC_ROOT_CLASS = YES_ERROR;
				CLANG_WARN_SUSPICIOUS_MOVE = YES;
				CLANG_WARN_UNREACHABLE_CODE = YES;
				CLANG_WARN__DUPLICATE_METHOD_MATCH = YES;
				"CODE_SIGN_IDENTITY[sdk=iphoneos*]" = "iPhone Developer";
				COPY_PHASE_STRIP = NO;
				DEBUG_INFORMATION_FORMAT = "dwarf-with-dsym";
				ENABLE_NS_ASSERTIONS = NO;
				ENABLE_STRICT_OBJC_MSGSEND = YES;
				GCC_C_LANGUAGE_STANDARD = gnu99;
				GCC_NO_COMMON_BLOCKS = YES;
				GCC_WARN_64_TO_32_BIT_CONVERSION = YES;
				GCC_WARN_ABOUT_RETURN_TYPE = YES_ERROR;
				GCC_WARN_UNDECLARED_SELECTOR = YES;
				GCC_WARN_UNINITIALIZED_AUTOS = YES_AGGRESSIVE;
				GCC_WARN_UNUSED_FUNCTION = YES;
				GCC_WARN_UNUSED_VARIABLE = YES;
				IPHONEOS_DEPLOYMENT_TARGET = 10.3;
				MTL_ENABLE_DEBUG_INFO = NO;
				SDKROOT = iphoneos;
				SWIFT_OPTIMIZATION_LEVEL = "-Owholemodule";
				TARGETED_DEVICE_FAMILY = "1,2";
				VALIDATE_PRODUCT = YES;
			};
			name = Release;
		};
		7611372E1F728C2600F2697F /* Debug */ = {
			isa = XCBuildConfiguration;
			buildSettings = {
				ASSETCATALOG_COMPILER_APPICON_NAME = AppIcon;
				INFOPLIST_FILE = DreamLister/Info.plist;
				LD_RUNPATH_SEARCH_PATHS = "$(inherited) @executable_path/Frameworks";
				PRODUCT_BUNDLE_IDENTIFIER = com.heitemol.DreamLister;
				PRODUCT_NAME = "$(TARGET_NAME)";
				SWIFT_VERSION = 3.0;
			};
			name = Debug;
		};
		7611372F1F728C2600F2697F /* Release */ = {
			isa = XCBuildConfiguration;
			buildSettings = {
				ASSETCATALOG_COMPILER_APPICON_NAME = AppIcon;
				INFOPLIST_FILE = DreamLister/Info.plist;
				LD_RUNPATH_SEARCH_PATHS = "$(inherited) @executable_path/Frameworks";
				PRODUCT_BUNDLE_IDENTIFIER = com.heitemol.DreamLister;
				PRODUCT_NAME = "$(TARGET_NAME)";
				SWIFT_VERSION = 3.0;
			};
			name = Release;
		};
/* End XCBuildConfiguration section */

/* Begin XCConfigurationList section */
		761137131F728C2600F2697F /* Build configuration list for PBXProject "DreamLister" */ = {
			isa = XCConfigurationList;
			buildConfigurations = (
				7611372B1F728C2600F2697F /* Debug */,
				7611372C1F728C2600F2697F /* Release */,
			);
			defaultConfigurationIsVisible = 0;
			defaultConfigurationName = Release;
		};
		7611372D1F728C2600F2697F /* Build configuration list for PBXNativeTarget "DreamLister" */ = {
			isa = XCConfigurationList;
			buildConfigurations = (
				7611372E1F728C2600F2697F /* Debug */,
				7611372F1F728C2600F2697F /* Release */,
			);
			defaultConfigurationIsVisible = 0;
			defaultConfigurationName = Release;
		};
/* End XCConfigurationList section */

/* Begin XCVersionGroup section */
		761137221F728C2600F2697F /* DreamLister.xcdatamodeld */ = {
			isa = XCVersionGroup;
			children = (
				761137231F728C2600F2697F /* DreamLister.xcdatamodel */,
			);
			currentVersion = 761137231F728C2600F2697F /* DreamLister.xcdatamodel */;
			path = DreamLister.xcdatamodeld;
			sourceTree = "<group>";
			versionGroupType = wrapper.xcdatamodel;
		};
/* End XCVersionGroup section */
	};
	rootObject = 761137101F728C2600F2697F /* Project object */;
}
